
Microsoft Visual Studio Solution File, Format Version 12.00
# Visual Studio Version 16
VisualStudioVersion = 16.0.29926.136
MinimumVisualStudioVersion = 10.0.40219.1
Project("{FAE04EC0-301F-11D3-BF4B-00C04F79EFBC}") = "SampleApp", "SampleApp.csproj", "{1F5DA50E-268E-4DC4-95C0-905858B14F20}"
EndProject
Global
	GlobalSection(SolutionConfigurationPlatforms) = preSolution
		Debug|Any CPU = Debug|Any CPU
		Release|Any CPU = Release|Any CPU
	EndGlobalSection
	GlobalSection(ProjectConfigurationPlatforms) = postSolution
		{1F5DA50E-268E-4DC4-95C0-905858B14F20}.Debug|Any CPU.ActiveCfg = Debug|Any CPU
		{1F5DA50E-268E-4DC4-95C0-905858B14F20}.Debug|Any CPU.Build.0 = Debug|Any CPU
		{1F5DA50E-268E-4DC4-95C0-905858B14F20}.Release|Any CPU.ActiveCfg = Release|Any CPU
		{1F5DA50E-268E-4DC4-95C0-905858B14F20}.Release|Any CPU.Build.0 = Release|Any CPU
	EndGlobalSection
	GlobalSection(SolutionProperties) = preSolution
		HideSolutionNode = FALSE
	EndGlobalSection
	GlobalSection(ExtensibilityGlobals) = postSolution
		SolutionGuid = {1AD0E088-3FFF-4C0E-AD64-C092E856B4E6}
	EndGlobalSection
EndGlobal
